{
  "originHash" : "a8b52d5e867bba8b278ee633305e5f4a1486e0b4610733ced0d8459b86fc3e7b",
  "pins" : [
    {
      "identity" : "home-control-kit",
      "kind" : "remoteSourceControl",
      "location" : "https://github.com/f23a/home-control-kit.git",
      "state" : {
        "revision" : "2447487142abce5d7f9abddc548a1f5418ec4ef1",
        "version" : "1.5.0"
      }
    }
  ],
  "version" : 3
}
