{
  "originHash" : "bb7378ed50d395499d5f5755391634e2203ee2e63a21161767eab23eb808e588",
  "pins" : [
    {
      "identity" : "home-control-kit",
      "kind" : "remoteSourceControl",
      "location" : "https://github.com/f23a/home-control-kit.git",
      "state" : {
        "revision" : "a6e793f32e81070f46a95b7899c9007a5a5c107a",
        "version" : "1.4.0"
      }
    }
  ],
  "version" : 3
}
