{
  "originHash" : "b204b0ed6094ca7e484b9a412eb9b53931ec7415e5d351fc80b69fe0bd29bae6",
  "pins" : [
    {
      "identity" : "home-control-kit",
      "kind" : "remoteSourceControl",
      "location" : "https://github.com/f23a/home-control-kit.git",
      "state" : {
        "revision" : "bc3af6a1ade465f2f8c1cedfa475dd02457b90f7",
        "version" : "1.7.0"
      }
    }
  ],
  "version" : 3
}
